
Microsoft Visual Studio Solution File, Format Version 12.00
# Visual Studio 2013
VisualStudioVersion = 12.0.21005.1
MinimumVisualStudioVersion = 10.0.40219.1
Project("{FAE04EC0-301F-11D3-BF4B-00C04F79EFBC}") = "Session_2", "Session_2\Session_2.csproj", "{55CA7C70-0C51-41A6-9236-7B395DE7ACF1}"
EndProject
Project("{FAE04EC0-301F-11D3-BF4B-00C04F79EFBC}") = "Session_2_Function", "Session_2_Function\Session_2_Function.csproj", "{0ABADA54-18E6-4644-91F0-86C42AD837B0}"
EndProject
Global
	GlobalSection(SolutionConfigurationPlatforms) = preSolution
		Debug|Any CPU = Debug|Any CPU
		Release|Any CPU = Release|Any CPU
	EndGlobalSection
	GlobalSection(ProjectConfigurationPlatforms) = postSolution
		{55CA7C70-0C51-41A6-9236-7B395DE7ACF1}.Debug|Any CPU.ActiveCfg = Debug|Any CPU
		{55CA7C70-0C51-41A6-9236-7B395DE7ACF1}.Debug|Any CPU.Build.0 = Debug|Any CPU
		{55CA7C70-0C51-41A6-9236-7B395DE7ACF1}.Release|Any CPU.ActiveCfg = Release|Any CPU
		{55CA7C70-0C51-41A6-9236-7B395DE7ACF1}.Release|Any CPU.Build.0 = Release|Any CPU
		{0ABADA54-18E6-4644-91F0-86C42AD837B0}.Debug|Any CPU.ActiveCfg = Debug|Any CPU
		{0ABADA54-18E6-4644-91F0-86C42AD837B0}.Debug|Any CPU.Build.0 = Debug|Any CPU
		{0ABADA54-18E6-4644-91F0-86C42AD837B0}.Release|Any CPU.ActiveCfg = Release|Any CPU
		{0ABADA54-18E6-4644-91F0-86C42AD837B0}.Release|Any CPU.Build.0 = Release|Any CPU
	EndGlobalSection
	GlobalSection(SolutionProperties) = preSolution
		HideSolutionNode = FALSE
	EndGlobalSection
EndGlobal
